
Microsoft Visual Studio Solution File, Format Version 12.00
# Visual Studio Version 17
VisualStudioVersion = 17.10.35013.160
MinimumVisualStudioVersion = 10.0.40219.1
Project("{FAE04EC0-301F-11D3-BF4B-00C04F79EFBC}") = "AlexeevaTipography", "AlexeevaTipography\AlexeevaTipography.csproj", "{D11F8684-5F2E-4670-9174-5278EC90BE7B}"
EndProject
Project("{FAE04EC0-301F-11D3-BF4B-00C04F79EFBC}") = "AlexeevaTipography.tests", "AlexeevaTipography.tests\AlexeevaTipography.tests.csproj", "{5859ADAF-14F3-4F7D-93A9-EA792552973D}"
EndProject
Global
	GlobalSection(SolutionConfigurationPlatforms) = preSolution
		Debug|Any CPU = Debug|Any CPU
		Release|Any CPU = Release|Any CPU
	EndGlobalSection
	GlobalSection(ProjectConfigurationPlatforms) = postSolution
		{D11F8684-5F2E-4670-9174-5278EC90BE7B}.Debug|Any CPU.ActiveCfg = Debug|Any CPU
		{D11F8684-5F2E-4670-9174-5278EC90BE7B}.Debug|Any CPU.Build.0 = Debug|Any CPU
		{D11F8684-5F2E-4670-9174-5278EC90BE7B}.Release|Any CPU.ActiveCfg = Release|Any CPU
		{D11F8684-5F2E-4670-9174-5278EC90BE7B}.Release|Any CPU.Build.0 = Release|Any CPU
		{5859ADAF-14F3-4F7D-93A9-EA792552973D}.Debug|Any CPU.ActiveCfg = Debug|Any CPU
		{5859ADAF-14F3-4F7D-93A9-EA792552973D}.Debug|Any CPU.Build.0 = Debug|Any CPU
		{5859ADAF-14F3-4F7D-93A9-EA792552973D}.Release|Any CPU.ActiveCfg = Release|Any CPU
		{5859ADAF-14F3-4F7D-93A9-EA792552973D}.Release|Any CPU.Build.0 = Release|Any CPU
	EndGlobalSection
	GlobalSection(SolutionProperties) = preSolution
		HideSolutionNode = FALSE
	EndGlobalSection
	GlobalSection(ExtensibilityGlobals) = postSolution
		SolutionGuid = {2C61E4FC-C0AA-4359-809C-E7DD6F2E002C}
	EndGlobalSection
EndGlobal
